
Microsoft Visual Studio Solution File, Format Version 12.00
# Visual Studio Version 17
VisualStudioVersion = 17.5.33502.453
MinimumVisualStudioVersion = 10.0.40219.1
Project("{FAE04EC0-301F-11D3-BF4B-00C04F79EFBC}") = "examen", "examen\examen.csproj", "{D3C74165-E441-4AB8-A3C5-00756BCB320A}"
EndProject
Project("{FAE04EC0-301F-11D3-BF4B-00C04F79EFBC}") = "ClassLibrary1", "ClassLibrary1\ClassLibrary1.csproj", "{FA482BA5-C0F2-4A34-B427-735272F68C7C}"
EndProject
Project("{FAE04EC0-301F-11D3-BF4B-00C04F79EFBC}") = "ConsoleApp1", "ConsoleApp1\ConsoleApp1.csproj", "{2C5F57C7-6A22-43F6-8D92-BB0DABF4BD9B}"
EndProject
Global
	GlobalSection(SolutionConfigurationPlatforms) = preSolution
		Debug|Any CPU = Debug|Any CPU
		Release|Any CPU = Release|Any CPU
	EndGlobalSection
	GlobalSection(ProjectConfigurationPlatforms) = postSolution
		{D3C74165-E441-4AB8-A3C5-00756BCB320A}.Debug|Any CPU.ActiveCfg = Debug|Any CPU
		{D3C74165-E441-4AB8-A3C5-00756BCB320A}.Debug|Any CPU.Build.0 = Debug|Any CPU
		{D3C74165-E441-4AB8-A3C5-00756BCB320A}.Release|Any CPU.ActiveCfg = Release|Any CPU
		{D3C74165-E441-4AB8-A3C5-00756BCB320A}.Release|Any CPU.Build.0 = Release|Any CPU
		{FA482BA5-C0F2-4A34-B427-735272F68C7C}.Debug|Any CPU.ActiveCfg = Debug|Any CPU
		{FA482BA5-C0F2-4A34-B427-735272F68C7C}.Debug|Any CPU.Build.0 = Debug|Any CPU
		{FA482BA5-C0F2-4A34-B427-735272F68C7C}.Release|Any CPU.ActiveCfg = Release|Any CPU
		{FA482BA5-C0F2-4A34-B427-735272F68C7C}.Release|Any CPU.Build.0 = Release|Any CPU
		{2C5F57C7-6A22-43F6-8D92-BB0DABF4BD9B}.Debug|Any CPU.ActiveCfg = Debug|Any CPU
		{2C5F57C7-6A22-43F6-8D92-BB0DABF4BD9B}.Debug|Any CPU.Build.0 = Debug|Any CPU
		{2C5F57C7-6A22-43F6-8D92-BB0DABF4BD9B}.Release|Any CPU.ActiveCfg = Release|Any CPU
		{2C5F57C7-6A22-43F6-8D92-BB0DABF4BD9B}.Release|Any CPU.Build.0 = Release|Any CPU
	EndGlobalSection
	GlobalSection(SolutionProperties) = preSolution
		HideSolutionNode = FALSE
	EndGlobalSection
	GlobalSection(ExtensibilityGlobals) = postSolution
		SolutionGuid = {43012EFA-A2D4-4061-9930-F11C75DFDF0A}
	EndGlobalSection
EndGlobal
